{
  "requires": true,
  "lockfileVersion": 1,
  "dependencies": {
    "generator-bcdk": {
      "version": "file:../bcdk",
      "requires": {
        "chalk": "^2.1.0",
        "uuid": "^3.3.2",
        "xml2js": "^0.4.19",
        "yeoman-generator": "^2.0.1",
        "yosay": "^2.0.1"
      }
    }
  }
}
